
Microsoft Visual Studio Solution File, Format Version 12.00
# Visual Studio Version 16
VisualStudioVersion = 16.0.29613.14
MinimumVisualStudioVersion = 15.0.26124.0
Project("{9A19103F-16F7-4668-BE54-9A1E7A4F7556}") = "Example.ConsumerWorker", "Example.ConsumerWorker\Example.ConsumerWorker.csproj", "{16018262-65BB-449A-B31D-839842A6D057}"
EndProject
Project("{9A19103F-16F7-4668-BE54-9A1E7A4F7556}") = "Example.ProducerWorker", "Example.ProducerWorker\Example.ProducerWorker.csproj", "{D6B96C3F-8924-4345-BDB3-A0DCB58C28CD}"
EndProject
Project("{9A19103F-16F7-4668-BE54-9A1E7A4F7556}") = "Example.ConsumerWorker.Messages", "Example.ConsumerWorker.Messages\Example.ConsumerWorker.Messages.csproj", "{0884C36A-631B-4807-865A-56C8057E2A32}"
EndProject
Project("{9A19103F-16F7-4668-BE54-9A1E7A4F7556}") = "Example.ConsumerWorker.Tests", "Example.ConsumerWorker.Tests\Example.ConsumerWorker.Tests.csproj", "{C3304B5E-531A-4051-8964-71D1E5FF111A}"
EndProject
Global
	GlobalSection(SolutionConfigurationPlatforms) = preSolution
		Debug|Any CPU = Debug|Any CPU
		Debug|x64 = Debug|x64
		Debug|x86 = Debug|x86
		LearningTransport|Any CPU = LearningTransport|Any CPU
		LearningTransport|x64 = LearningTransport|x64
		LearningTransport|x86 = LearningTransport|x86
		Release|Any CPU = Release|Any CPU
		Release|x64 = Release|x64
		Release|x86 = Release|x86
	EndGlobalSection
	GlobalSection(ProjectConfigurationPlatforms) = postSolution
		{16018262-65BB-449A-B31D-839842A6D057}.Debug|Any CPU.ActiveCfg = Debug|Any CPU
		{16018262-65BB-449A-B31D-839842A6D057}.Debug|Any CPU.Build.0 = Debug|Any CPU
		{16018262-65BB-449A-B31D-839842A6D057}.Debug|x64.ActiveCfg = Debug|Any CPU
		{16018262-65BB-449A-B31D-839842A6D057}.Debug|x64.Build.0 = Debug|Any CPU
		{16018262-65BB-449A-B31D-839842A6D057}.Debug|x86.ActiveCfg = Debug|Any CPU
		{16018262-65BB-449A-B31D-839842A6D057}.Debug|x86.Build.0 = Debug|Any CPU
		{16018262-65BB-449A-B31D-839842A6D057}.LearningTransport|Any CPU.ActiveCfg = LearningTransport|Any CPU
		{16018262-65BB-449A-B31D-839842A6D057}.LearningTransport|Any CPU.Build.0 = LearningTransport|Any CPU
		{16018262-65BB-449A-B31D-839842A6D057}.LearningTransport|x64.ActiveCfg = LearningTransport|Any CPU
		{16018262-65BB-449A-B31D-839842A6D057}.LearningTransport|x64.Build.0 = LearningTransport|Any CPU
		{16018262-65BB-449A-B31D-839842A6D057}.LearningTransport|x86.ActiveCfg = LearningTransport|Any CPU
		{16018262-65BB-449A-B31D-839842A6D057}.LearningTransport|x86.Build.0 = LearningTransport|Any CPU
		{16018262-65BB-449A-B31D-839842A6D057}.Release|Any CPU.ActiveCfg = Release|Any CPU
		{16018262-65BB-449A-B31D-839842A6D057}.Release|Any CPU.Build.0 = Release|Any CPU
		{16018262-65BB-449A-B31D-839842A6D057}.Release|x64.ActiveCfg = Release|Any CPU
		{16018262-65BB-449A-B31D-839842A6D057}.Release|x64.Build.0 = Release|Any CPU
		{16018262-65BB-449A-B31D-839842A6D057}.Release|x86.ActiveCfg = Release|Any CPU
		{16018262-65BB-449A-B31D-839842A6D057}.Release|x86.Build.0 = Release|Any CPU
		{D6B96C3F-8924-4345-BDB3-A0DCB58C28CD}.Debug|Any CPU.ActiveCfg = Debug|Any CPU
		{D6B96C3F-8924-4345-BDB3-A0DCB58C28CD}.Debug|Any CPU.Build.0 = Debug|Any CPU
		{D6B96C3F-8924-4345-BDB3-A0DCB58C28CD}.Debug|x64.ActiveCfg = Debug|Any CPU
		{D6B96C3F-8924-4345-BDB3-A0DCB58C28CD}.Debug|x64.Build.0 = Debug|Any CPU
		{D6B96C3F-8924-4345-BDB3-A0DCB58C28CD}.Debug|x86.ActiveCfg = Debug|Any CPU
		{D6B96C3F-8924-4345-BDB3-A0DCB58C28CD}.Debug|x86.Build.0 = Debug|Any CPU
		{D6B96C3F-8924-4345-BDB3-A0DCB58C28CD}.LearningTransport|Any CPU.ActiveCfg = LearningTransport|Any CPU
		{D6B96C3F-8924-4345-BDB3-A0DCB58C28CD}.LearningTransport|Any CPU.Build.0 = LearningTransport|Any CPU
		{D6B96C3F-8924-4345-BDB3-A0DCB58C28CD}.LearningTransport|x64.ActiveCfg = LearningTransport|Any CPU
		{D6B96C3F-8924-4345-BDB3-A0DCB58C28CD}.LearningTransport|x64.Build.0 = LearningTransport|Any CPU
		{D6B96C3F-8924-4345-BDB3-A0DCB58C28CD}.LearningTransport|x86.ActiveCfg = LearningTransport|Any CPU
		{D6B96C3F-8924-4345-BDB3-A0DCB58C28CD}.LearningTransport|x86.Build.0 = LearningTransport|Any CPU
		{D6B96C3F-8924-4345-BDB3-A0DCB58C28CD}.Release|Any CPU.ActiveCfg = Release|Any CPU
		{D6B96C3F-8924-4345-BDB3-A0DCB58C28CD}.Release|Any CPU.Build.0 = Release|Any CPU
		{D6B96C3F-8924-4345-BDB3-A0DCB58C28CD}.Release|x64.ActiveCfg = Release|Any CPU
		{D6B96C3F-8924-4345-BDB3-A0DCB58C28CD}.Release|x64.Build.0 = Release|Any CPU
		{D6B96C3F-8924-4345-BDB3-A0DCB58C28CD}.Release|x86.ActiveCfg = Release|Any CPU
		{D6B96C3F-8924-4345-BDB3-A0DCB58C28CD}.Release|x86.Build.0 = Release|Any CPU
		{0884C36A-631B-4807-865A-56C8057E2A32}.Debug|Any CPU.ActiveCfg = Debug|Any CPU
		{0884C36A-631B-4807-865A-56C8057E2A32}.Debug|Any CPU.Build.0 = Debug|Any CPU
		{0884C36A-631B-4807-865A-56C8057E2A32}.Debug|x64.ActiveCfg = Debug|Any CPU
		{0884C36A-631B-4807-865A-56C8057E2A32}.Debug|x64.Build.0 = Debug|Any CPU
		{0884C36A-631B-4807-865A-56C8057E2A32}.Debug|x86.ActiveCfg = Debug|Any CPU
		{0884C36A-631B-4807-865A-56C8057E2A32}.Debug|x86.Build.0 = Debug|Any CPU
		{0884C36A-631B-4807-865A-56C8057E2A32}.LearningTransport|Any CPU.ActiveCfg = LearningTransport|Any CPU
		{0884C36A-631B-4807-865A-56C8057E2A32}.LearningTransport|Any CPU.Build.0 = LearningTransport|Any CPU
		{0884C36A-631B-4807-865A-56C8057E2A32}.LearningTransport|x64.ActiveCfg = LearningTransport|Any CPU
		{0884C36A-631B-4807-865A-56C8057E2A32}.LearningTransport|x64.Build.0 = LearningTransport|Any CPU
		{0884C36A-631B-4807-865A-56C8057E2A32}.LearningTransport|x86.ActiveCfg = LearningTransport|Any CPU
		{0884C36A-631B-4807-865A-56C8057E2A32}.LearningTransport|x86.Build.0 = LearningTransport|Any CPU
		{0884C36A-631B-4807-865A-56C8057E2A32}.Release|Any CPU.ActiveCfg = Release|Any CPU
		{0884C36A-631B-4807-865A-56C8057E2A32}.Release|Any CPU.Build.0 = Release|Any CPU
		{0884C36A-631B-4807-865A-56C8057E2A32}.Release|x64.ActiveCfg = Release|Any CPU
		{0884C36A-631B-4807-865A-56C8057E2A32}.Release|x64.Build.0 = Release|Any CPU
		{0884C36A-631B-4807-865A-56C8057E2A32}.Release|x86.ActiveCfg = Release|Any CPU
		{0884C36A-631B-4807-865A-56C8057E2A32}.Release|x86.Build.0 = Release|Any CPU
		{C3304B5E-531A-4051-8964-71D1E5FF111A}.Debug|Any CPU.ActiveCfg = Debug|Any CPU
		{C3304B5E-531A-4051-8964-71D1E5FF111A}.Debug|Any CPU.Build.0 = Debug|Any CPU
		{C3304B5E-531A-4051-8964-71D1E5FF111A}.Debug|x64.ActiveCfg = Debug|Any CPU
		{C3304B5E-531A-4051-8964-71D1E5FF111A}.Debug|x64.Build.0 = Debug|Any CPU
		{C3304B5E-531A-4051-8964-71D1E5FF111A}.Debug|x86.ActiveCfg = Debug|Any CPU
		{C3304B5E-531A-4051-8964-71D1E5FF111A}.Debug|x86.Build.0 = Debug|Any CPU
		{C3304B5E-531A-4051-8964-71D1E5FF111A}.LearningTransport|Any CPU.ActiveCfg = LearningTransport|Any CPU
		{C3304B5E-531A-4051-8964-71D1E5FF111A}.LearningTransport|Any CPU.Build.0 = LearningTransport|Any CPU
		{C3304B5E-531A-4051-8964-71D1E5FF111A}.LearningTransport|x64.ActiveCfg = LearningTransport|Any CPU
		{C3304B5E-531A-4051-8964-71D1E5FF111A}.LearningTransport|x64.Build.0 = LearningTransport|Any CPU
		{C3304B5E-531A-4051-8964-71D1E5FF111A}.LearningTransport|x86.ActiveCfg = LearningTransport|Any CPU
		{C3304B5E-531A-4051-8964-71D1E5FF111A}.LearningTransport|x86.Build.0 = LearningTransport|Any CPU
		{C3304B5E-531A-4051-8964-71D1E5FF111A}.Release|Any CPU.ActiveCfg = Release|Any CPU
		{C3304B5E-531A-4051-8964-71D1E5FF111A}.Release|Any CPU.Build.0 = Release|Any CPU
		{C3304B5E-531A-4051-8964-71D1E5FF111A}.Release|x64.ActiveCfg = Release|Any CPU
		{C3304B5E-531A-4051-8964-71D1E5FF111A}.Release|x64.Build.0 = Release|Any CPU
		{C3304B5E-531A-4051-8964-71D1E5FF111A}.Release|x86.ActiveCfg = Release|Any CPU
		{C3304B5E-531A-4051-8964-71D1E5FF111A}.Release|x86.Build.0 = Release|Any CPU
	EndGlobalSection
	GlobalSection(SolutionProperties) = preSolution
		HideSolutionNode = FALSE
	EndGlobalSection
	GlobalSection(ExtensibilityGlobals) = postSolution
		SolutionGuid = {0A919B40-9611-41D5-870D-2EA68B4AB17C}
	EndGlobalSection
EndGlobal
