
Microsoft Visual Studio Solution File, Format Version 12.00
# Visual Studio Version 16
VisualStudioVersion = 16.0.29613.14
MinimumVisualStudioVersion = 15.0.26124.0
Project("{2150E333-8FDC-42A3-9474-1A3956D46DE8}") = "Configuration", "Configuration", "{CFDAFF1D-2997-4D2F-A458-20886CBBB2BE}"
EndProject
Project("{9A19103F-16F7-4668-BE54-9A1E7A4F7556}") = "Example.NSBConfiguration", "Example.NSBConfiguration\Example.NSBConfiguration.csproj", "{785BDCDB-4D3F-4148-AE0F-8BEF184F842C}"
EndProject
Project("{2150E333-8FDC-42A3-9474-1A3956D46DE8}") = "Web", "Web", "{79CC2099-BFA0-4894-B801-CB916CE663FB}"
EndProject
Project("{9A19103F-16F7-4668-BE54-9A1E7A4F7556}") = "Example.WebApp", "Example.WebApp\Example.WebApp.csproj", "{60AF98D7-AEAF-4C17-A786-AEB3E2386989}"
EndProject
Project("{2150E333-8FDC-42A3-9474-1A3956D46DE8}") = "PaymentSaga", "PaymentSaga", "{7633ABCB-28D8-43A1-8897-0D77FEF853AB}"
EndProject
Project("{2150E333-8FDC-42A3-9474-1A3956D46DE8}") = "PaymentProcessor", "PaymentProcessor", "{C1628DF7-6BC6-4A3F-B1CC-9F462B37A2A1}"
EndProject
Project("{9A19103F-16F7-4668-BE54-9A1E7A4F7556}") = "Example.PaymentSaga", "Example.PaymentSaga\Example.PaymentSaga.csproj", "{9B57FC54-EB41-4D56-9449-63E10E7C1C21}"
EndProject
Project("{9A19103F-16F7-4668-BE54-9A1E7A4F7556}") = "Example.PaymentProcessorWorker", "Example.PaymentProcessorWorker\Example.PaymentProcessorWorker.csproj", "{BF4F5E27-586A-4D3F-BF5D-17C88A63E665}"
EndProject
Project("{9A19103F-16F7-4668-BE54-9A1E7A4F7556}") = "Example.PaymentProcessor.Contracts", "Example.PaymentProcessor.Contracts\Example.PaymentProcessor.Contracts.csproj", "{A32BDF0C-61B8-4600-BB89-A2E097501659}"
EndProject
Project("{9A19103F-16F7-4668-BE54-9A1E7A4F7556}") = "Example.PaymentSaga.Contracts", "Example.PaymentSaga.Contracts\Example.PaymentSaga.Contracts.csproj", "{D3D9BEB1-591F-496D-A7B2-A9843160BB99}"
EndProject
Project("{9A19103F-16F7-4668-BE54-9A1E7A4F7556}") = "Example.PaymentSaga.Tests", "Example.PaymentSaga.Tests\Example.PaymentSaga.Tests.csproj", "{3EA0241D-4524-49A8-83E2-3C00A151B3E6}"
EndProject
Project("{FAE04EC0-301F-11D3-BF4B-00C04F79EFBC}") = "Example.NSBConfiguration.Test", "Example.NSBConfiguration.Test\Example.NSBConfiguration.Test.csproj", "{21D72726-695F-444D-94CC-20BF33FE3C01}"
EndProject
Global
	GlobalSection(SolutionConfigurationPlatforms) = preSolution
		Debug|Any CPU = Debug|Any CPU
		Debug|x64 = Debug|x64
		Debug|x86 = Debug|x86
		LearningTransport|Any CPU = LearningTransport|Any CPU
		LearningTransport|x64 = LearningTransport|x64
		LearningTransport|x86 = LearningTransport|x86
		Release|Any CPU = Release|Any CPU
		Release|x64 = Release|x64
		Release|x86 = Release|x86
	EndGlobalSection
	GlobalSection(ProjectConfigurationPlatforms) = postSolution
		{785BDCDB-4D3F-4148-AE0F-8BEF184F842C}.Debug|Any CPU.ActiveCfg = Debug|Any CPU
		{785BDCDB-4D3F-4148-AE0F-8BEF184F842C}.Debug|Any CPU.Build.0 = Debug|Any CPU
		{785BDCDB-4D3F-4148-AE0F-8BEF184F842C}.Debug|x64.ActiveCfg = Debug|Any CPU
		{785BDCDB-4D3F-4148-AE0F-8BEF184F842C}.Debug|x64.Build.0 = Debug|Any CPU
		{785BDCDB-4D3F-4148-AE0F-8BEF184F842C}.Debug|x86.ActiveCfg = Debug|Any CPU
		{785BDCDB-4D3F-4148-AE0F-8BEF184F842C}.Debug|x86.Build.0 = Debug|Any CPU
		{785BDCDB-4D3F-4148-AE0F-8BEF184F842C}.LearningTransport|Any CPU.ActiveCfg = Debug|Any CPU
		{785BDCDB-4D3F-4148-AE0F-8BEF184F842C}.LearningTransport|Any CPU.Build.0 = Debug|Any CPU
		{785BDCDB-4D3F-4148-AE0F-8BEF184F842C}.LearningTransport|x64.ActiveCfg = Debug|Any CPU
		{785BDCDB-4D3F-4148-AE0F-8BEF184F842C}.LearningTransport|x64.Build.0 = Debug|Any CPU
		{785BDCDB-4D3F-4148-AE0F-8BEF184F842C}.LearningTransport|x86.ActiveCfg = Debug|Any CPU
		{785BDCDB-4D3F-4148-AE0F-8BEF184F842C}.LearningTransport|x86.Build.0 = Debug|Any CPU
		{785BDCDB-4D3F-4148-AE0F-8BEF184F842C}.Release|Any CPU.ActiveCfg = Release|Any CPU
		{785BDCDB-4D3F-4148-AE0F-8BEF184F842C}.Release|Any CPU.Build.0 = Release|Any CPU
		{785BDCDB-4D3F-4148-AE0F-8BEF184F842C}.Release|x64.ActiveCfg = Release|Any CPU
		{785BDCDB-4D3F-4148-AE0F-8BEF184F842C}.Release|x64.Build.0 = Release|Any CPU
		{785BDCDB-4D3F-4148-AE0F-8BEF184F842C}.Release|x86.ActiveCfg = Release|Any CPU
		{785BDCDB-4D3F-4148-AE0F-8BEF184F842C}.Release|x86.Build.0 = Release|Any CPU
		{60AF98D7-AEAF-4C17-A786-AEB3E2386989}.Debug|Any CPU.ActiveCfg = Debug|Any CPU
		{60AF98D7-AEAF-4C17-A786-AEB3E2386989}.Debug|Any CPU.Build.0 = Debug|Any CPU
		{60AF98D7-AEAF-4C17-A786-AEB3E2386989}.Debug|x64.ActiveCfg = Debug|Any CPU
		{60AF98D7-AEAF-4C17-A786-AEB3E2386989}.Debug|x64.Build.0 = Debug|Any CPU
		{60AF98D7-AEAF-4C17-A786-AEB3E2386989}.Debug|x86.ActiveCfg = Debug|Any CPU
		{60AF98D7-AEAF-4C17-A786-AEB3E2386989}.Debug|x86.Build.0 = Debug|Any CPU
		{60AF98D7-AEAF-4C17-A786-AEB3E2386989}.LearningTransport|Any CPU.ActiveCfg = Debug|Any CPU
		{60AF98D7-AEAF-4C17-A786-AEB3E2386989}.LearningTransport|Any CPU.Build.0 = Debug|Any CPU
		{60AF98D7-AEAF-4C17-A786-AEB3E2386989}.LearningTransport|x64.ActiveCfg = Debug|Any CPU
		{60AF98D7-AEAF-4C17-A786-AEB3E2386989}.LearningTransport|x64.Build.0 = Debug|Any CPU
		{60AF98D7-AEAF-4C17-A786-AEB3E2386989}.LearningTransport|x86.ActiveCfg = Debug|Any CPU
		{60AF98D7-AEAF-4C17-A786-AEB3E2386989}.LearningTransport|x86.Build.0 = Debug|Any CPU
		{60AF98D7-AEAF-4C17-A786-AEB3E2386989}.Release|Any CPU.ActiveCfg = Release|Any CPU
		{60AF98D7-AEAF-4C17-A786-AEB3E2386989}.Release|Any CPU.Build.0 = Release|Any CPU
		{60AF98D7-AEAF-4C17-A786-AEB3E2386989}.Release|x64.ActiveCfg = Release|Any CPU
		{60AF98D7-AEAF-4C17-A786-AEB3E2386989}.Release|x64.Build.0 = Release|Any CPU
		{60AF98D7-AEAF-4C17-A786-AEB3E2386989}.Release|x86.ActiveCfg = Release|Any CPU
		{60AF98D7-AEAF-4C17-A786-AEB3E2386989}.Release|x86.Build.0 = Release|Any CPU
		{9B57FC54-EB41-4D56-9449-63E10E7C1C21}.Debug|Any CPU.ActiveCfg = Debug|Any CPU
		{9B57FC54-EB41-4D56-9449-63E10E7C1C21}.Debug|Any CPU.Build.0 = Debug|Any CPU
		{9B57FC54-EB41-4D56-9449-63E10E7C1C21}.Debug|x64.ActiveCfg = Debug|Any CPU
		{9B57FC54-EB41-4D56-9449-63E10E7C1C21}.Debug|x64.Build.0 = Debug|Any CPU
		{9B57FC54-EB41-4D56-9449-63E10E7C1C21}.Debug|x86.ActiveCfg = Debug|Any CPU
		{9B57FC54-EB41-4D56-9449-63E10E7C1C21}.Debug|x86.Build.0 = Debug|Any CPU
		{9B57FC54-EB41-4D56-9449-63E10E7C1C21}.LearningTransport|Any CPU.ActiveCfg = Debug|Any CPU
		{9B57FC54-EB41-4D56-9449-63E10E7C1C21}.LearningTransport|Any CPU.Build.0 = Debug|Any CPU
		{9B57FC54-EB41-4D56-9449-63E10E7C1C21}.LearningTransport|x64.ActiveCfg = Debug|Any CPU
		{9B57FC54-EB41-4D56-9449-63E10E7C1C21}.LearningTransport|x64.Build.0 = Debug|Any CPU
		{9B57FC54-EB41-4D56-9449-63E10E7C1C21}.LearningTransport|x86.ActiveCfg = Debug|Any CPU
		{9B57FC54-EB41-4D56-9449-63E10E7C1C21}.LearningTransport|x86.Build.0 = Debug|Any CPU
		{9B57FC54-EB41-4D56-9449-63E10E7C1C21}.Release|Any CPU.ActiveCfg = Release|Any CPU
		{9B57FC54-EB41-4D56-9449-63E10E7C1C21}.Release|Any CPU.Build.0 = Release|Any CPU
		{9B57FC54-EB41-4D56-9449-63E10E7C1C21}.Release|x64.ActiveCfg = Release|Any CPU
		{9B57FC54-EB41-4D56-9449-63E10E7C1C21}.Release|x64.Build.0 = Release|Any CPU
		{9B57FC54-EB41-4D56-9449-63E10E7C1C21}.Release|x86.ActiveCfg = Release|Any CPU
		{9B57FC54-EB41-4D56-9449-63E10E7C1C21}.Release|x86.Build.0 = Release|Any CPU
		{BF4F5E27-586A-4D3F-BF5D-17C88A63E665}.Debug|Any CPU.ActiveCfg = Debug|Any CPU
		{BF4F5E27-586A-4D3F-BF5D-17C88A63E665}.Debug|Any CPU.Build.0 = Debug|Any CPU
		{BF4F5E27-586A-4D3F-BF5D-17C88A63E665}.Debug|x64.ActiveCfg = Debug|Any CPU
		{BF4F5E27-586A-4D3F-BF5D-17C88A63E665}.Debug|x64.Build.0 = Debug|Any CPU
		{BF4F5E27-586A-4D3F-BF5D-17C88A63E665}.Debug|x86.ActiveCfg = Debug|Any CPU
		{BF4F5E27-586A-4D3F-BF5D-17C88A63E665}.Debug|x86.Build.0 = Debug|Any CPU
		{BF4F5E27-586A-4D3F-BF5D-17C88A63E665}.LearningTransport|Any CPU.ActiveCfg = Debug|Any CPU
		{BF4F5E27-586A-4D3F-BF5D-17C88A63E665}.LearningTransport|Any CPU.Build.0 = Debug|Any CPU
		{BF4F5E27-586A-4D3F-BF5D-17C88A63E665}.LearningTransport|x64.ActiveCfg = Debug|Any CPU
		{BF4F5E27-586A-4D3F-BF5D-17C88A63E665}.LearningTransport|x64.Build.0 = Debug|Any CPU
		{BF4F5E27-586A-4D3F-BF5D-17C88A63E665}.LearningTransport|x86.ActiveCfg = Debug|Any CPU
		{BF4F5E27-586A-4D3F-BF5D-17C88A63E665}.LearningTransport|x86.Build.0 = Debug|Any CPU
		{BF4F5E27-586A-4D3F-BF5D-17C88A63E665}.Release|Any CPU.ActiveCfg = Release|Any CPU
		{BF4F5E27-586A-4D3F-BF5D-17C88A63E665}.Release|Any CPU.Build.0 = Release|Any CPU
		{BF4F5E27-586A-4D3F-BF5D-17C88A63E665}.Release|x64.ActiveCfg = Release|Any CPU
		{BF4F5E27-586A-4D3F-BF5D-17C88A63E665}.Release|x64.Build.0 = Release|Any CPU
		{BF4F5E27-586A-4D3F-BF5D-17C88A63E665}.Release|x86.ActiveCfg = Release|Any CPU
		{BF4F5E27-586A-4D3F-BF5D-17C88A63E665}.Release|x86.Build.0 = Release|Any CPU
		{A32BDF0C-61B8-4600-BB89-A2E097501659}.Debug|Any CPU.ActiveCfg = Debug|Any CPU
		{A32BDF0C-61B8-4600-BB89-A2E097501659}.Debug|Any CPU.Build.0 = Debug|Any CPU
		{A32BDF0C-61B8-4600-BB89-A2E097501659}.Debug|x64.ActiveCfg = Debug|Any CPU
		{A32BDF0C-61B8-4600-BB89-A2E097501659}.Debug|x64.Build.0 = Debug|Any CPU
		{A32BDF0C-61B8-4600-BB89-A2E097501659}.Debug|x86.ActiveCfg = Debug|Any CPU
		{A32BDF0C-61B8-4600-BB89-A2E097501659}.Debug|x86.Build.0 = Debug|Any CPU
		{A32BDF0C-61B8-4600-BB89-A2E097501659}.LearningTransport|Any CPU.ActiveCfg = Debug|Any CPU
		{A32BDF0C-61B8-4600-BB89-A2E097501659}.LearningTransport|Any CPU.Build.0 = Debug|Any CPU
		{A32BDF0C-61B8-4600-BB89-A2E097501659}.LearningTransport|x64.ActiveCfg = Debug|Any CPU
		{A32BDF0C-61B8-4600-BB89-A2E097501659}.LearningTransport|x64.Build.0 = Debug|Any CPU
		{A32BDF0C-61B8-4600-BB89-A2E097501659}.LearningTransport|x86.ActiveCfg = Debug|Any CPU
		{A32BDF0C-61B8-4600-BB89-A2E097501659}.LearningTransport|x86.Build.0 = Debug|Any CPU
		{A32BDF0C-61B8-4600-BB89-A2E097501659}.Release|Any CPU.ActiveCfg = Release|Any CPU
		{A32BDF0C-61B8-4600-BB89-A2E097501659}.Release|Any CPU.Build.0 = Release|Any CPU
		{A32BDF0C-61B8-4600-BB89-A2E097501659}.Release|x64.ActiveCfg = Release|Any CPU
		{A32BDF0C-61B8-4600-BB89-A2E097501659}.Release|x64.Build.0 = Release|Any CPU
		{A32BDF0C-61B8-4600-BB89-A2E097501659}.Release|x86.ActiveCfg = Release|Any CPU
		{A32BDF0C-61B8-4600-BB89-A2E097501659}.Release|x86.Build.0 = Release|Any CPU
		{D3D9BEB1-591F-496D-A7B2-A9843160BB99}.Debug|Any CPU.ActiveCfg = Debug|Any CPU
		{D3D9BEB1-591F-496D-A7B2-A9843160BB99}.Debug|Any CPU.Build.0 = Debug|Any CPU
		{D3D9BEB1-591F-496D-A7B2-A9843160BB99}.Debug|x64.ActiveCfg = Debug|Any CPU
		{D3D9BEB1-591F-496D-A7B2-A9843160BB99}.Debug|x64.Build.0 = Debug|Any CPU
		{D3D9BEB1-591F-496D-A7B2-A9843160BB99}.Debug|x86.ActiveCfg = Debug|Any CPU
		{D3D9BEB1-591F-496D-A7B2-A9843160BB99}.Debug|x86.Build.0 = Debug|Any CPU
		{D3D9BEB1-591F-496D-A7B2-A9843160BB99}.LearningTransport|Any CPU.ActiveCfg = Debug|Any CPU
		{D3D9BEB1-591F-496D-A7B2-A9843160BB99}.LearningTransport|Any CPU.Build.0 = Debug|Any CPU
		{D3D9BEB1-591F-496D-A7B2-A9843160BB99}.LearningTransport|x64.ActiveCfg = Debug|Any CPU
		{D3D9BEB1-591F-496D-A7B2-A9843160BB99}.LearningTransport|x64.Build.0 = Debug|Any CPU
		{D3D9BEB1-591F-496D-A7B2-A9843160BB99}.LearningTransport|x86.ActiveCfg = Debug|Any CPU
		{D3D9BEB1-591F-496D-A7B2-A9843160BB99}.LearningTransport|x86.Build.0 = Debug|Any CPU
		{D3D9BEB1-591F-496D-A7B2-A9843160BB99}.Release|Any CPU.ActiveCfg = Release|Any CPU
		{D3D9BEB1-591F-496D-A7B2-A9843160BB99}.Release|Any CPU.Build.0 = Release|Any CPU
		{D3D9BEB1-591F-496D-A7B2-A9843160BB99}.Release|x64.ActiveCfg = Release|Any CPU
		{D3D9BEB1-591F-496D-A7B2-A9843160BB99}.Release|x64.Build.0 = Release|Any CPU
		{D3D9BEB1-591F-496D-A7B2-A9843160BB99}.Release|x86.ActiveCfg = Release|Any CPU
		{D3D9BEB1-591F-496D-A7B2-A9843160BB99}.Release|x86.Build.0 = Release|Any CPU
		{3EA0241D-4524-49A8-83E2-3C00A151B3E6}.Debug|Any CPU.ActiveCfg = Debug|Any CPU
		{3EA0241D-4524-49A8-83E2-3C00A151B3E6}.Debug|Any CPU.Build.0 = Debug|Any CPU
		{3EA0241D-4524-49A8-83E2-3C00A151B3E6}.Debug|x64.ActiveCfg = Debug|Any CPU
		{3EA0241D-4524-49A8-83E2-3C00A151B3E6}.Debug|x64.Build.0 = Debug|Any CPU
		{3EA0241D-4524-49A8-83E2-3C00A151B3E6}.Debug|x86.ActiveCfg = Debug|Any CPU
		{3EA0241D-4524-49A8-83E2-3C00A151B3E6}.Debug|x86.Build.0 = Debug|Any CPU
		{3EA0241D-4524-49A8-83E2-3C00A151B3E6}.LearningTransport|Any CPU.ActiveCfg = Debug|Any CPU
		{3EA0241D-4524-49A8-83E2-3C00A151B3E6}.LearningTransport|Any CPU.Build.0 = Debug|Any CPU
		{3EA0241D-4524-49A8-83E2-3C00A151B3E6}.LearningTransport|x64.ActiveCfg = Debug|Any CPU
		{3EA0241D-4524-49A8-83E2-3C00A151B3E6}.LearningTransport|x64.Build.0 = Debug|Any CPU
		{3EA0241D-4524-49A8-83E2-3C00A151B3E6}.LearningTransport|x86.ActiveCfg = Debug|Any CPU
		{3EA0241D-4524-49A8-83E2-3C00A151B3E6}.LearningTransport|x86.Build.0 = Debug|Any CPU
		{3EA0241D-4524-49A8-83E2-3C00A151B3E6}.Release|Any CPU.ActiveCfg = Release|Any CPU
		{3EA0241D-4524-49A8-83E2-3C00A151B3E6}.Release|Any CPU.Build.0 = Release|Any CPU
		{3EA0241D-4524-49A8-83E2-3C00A151B3E6}.Release|x64.ActiveCfg = Release|Any CPU
		{3EA0241D-4524-49A8-83E2-3C00A151B3E6}.Release|x64.Build.0 = Release|Any CPU
		{3EA0241D-4524-49A8-83E2-3C00A151B3E6}.Release|x86.ActiveCfg = Release|Any CPU
		{3EA0241D-4524-49A8-83E2-3C00A151B3E6}.Release|x86.Build.0 = Release|Any CPU
		{21D72726-695F-444D-94CC-20BF33FE3C01}.Debug|Any CPU.ActiveCfg = Debug|Any CPU
		{21D72726-695F-444D-94CC-20BF33FE3C01}.Debug|Any CPU.Build.0 = Debug|Any CPU
		{21D72726-695F-444D-94CC-20BF33FE3C01}.Debug|x64.ActiveCfg = Debug|Any CPU
		{21D72726-695F-444D-94CC-20BF33FE3C01}.Debug|x64.Build.0 = Debug|Any CPU
		{21D72726-695F-444D-94CC-20BF33FE3C01}.Debug|x86.ActiveCfg = Debug|Any CPU
		{21D72726-695F-444D-94CC-20BF33FE3C01}.Debug|x86.Build.0 = Debug|Any CPU
		{21D72726-695F-444D-94CC-20BF33FE3C01}.LearningTransport|Any CPU.ActiveCfg = Debug|Any CPU
		{21D72726-695F-444D-94CC-20BF33FE3C01}.LearningTransport|Any CPU.Build.0 = Debug|Any CPU
		{21D72726-695F-444D-94CC-20BF33FE3C01}.LearningTransport|x64.ActiveCfg = Debug|Any CPU
		{21D72726-695F-444D-94CC-20BF33FE3C01}.LearningTransport|x64.Build.0 = Debug|Any CPU
		{21D72726-695F-444D-94CC-20BF33FE3C01}.LearningTransport|x86.ActiveCfg = Debug|Any CPU
		{21D72726-695F-444D-94CC-20BF33FE3C01}.LearningTransport|x86.Build.0 = Debug|Any CPU
		{21D72726-695F-444D-94CC-20BF33FE3C01}.Release|Any CPU.ActiveCfg = Release|Any CPU
		{21D72726-695F-444D-94CC-20BF33FE3C01}.Release|Any CPU.Build.0 = Release|Any CPU
		{21D72726-695F-444D-94CC-20BF33FE3C01}.Release|x64.ActiveCfg = Release|Any CPU
		{21D72726-695F-444D-94CC-20BF33FE3C01}.Release|x64.Build.0 = Release|Any CPU
		{21D72726-695F-444D-94CC-20BF33FE3C01}.Release|x86.ActiveCfg = Release|Any CPU
		{21D72726-695F-444D-94CC-20BF33FE3C01}.Release|x86.Build.0 = Release|Any CPU
	EndGlobalSection
	GlobalSection(SolutionProperties) = preSolution
		HideSolutionNode = FALSE
	EndGlobalSection
	GlobalSection(NestedProjects) = preSolution
		{785BDCDB-4D3F-4148-AE0F-8BEF184F842C} = {CFDAFF1D-2997-4D2F-A458-20886CBBB2BE}
		{60AF98D7-AEAF-4C17-A786-AEB3E2386989} = {79CC2099-BFA0-4894-B801-CB916CE663FB}
		{9B57FC54-EB41-4D56-9449-63E10E7C1C21} = {7633ABCB-28D8-43A1-8897-0D77FEF853AB}
		{BF4F5E27-586A-4D3F-BF5D-17C88A63E665} = {C1628DF7-6BC6-4A3F-B1CC-9F462B37A2A1}
		{A32BDF0C-61B8-4600-BB89-A2E097501659} = {C1628DF7-6BC6-4A3F-B1CC-9F462B37A2A1}
		{D3D9BEB1-591F-496D-A7B2-A9843160BB99} = {7633ABCB-28D8-43A1-8897-0D77FEF853AB}
		{3EA0241D-4524-49A8-83E2-3C00A151B3E6} = {7633ABCB-28D8-43A1-8897-0D77FEF853AB}
		{21D72726-695F-444D-94CC-20BF33FE3C01} = {CFDAFF1D-2997-4D2F-A458-20886CBBB2BE}
	EndGlobalSection
	GlobalSection(ExtensibilityGlobals) = postSolution
		SolutionGuid = {0A919B40-9611-41D5-870D-2EA68B4AB17C}
	EndGlobalSection
EndGlobal
